
Microsoft Visual Studio Solution File, Format Version 12.00
# Visual Studio 15
VisualStudioVersion = 15.0.28307.705
MinimumVisualStudioVersion = 10.0.40219.1
Project("{FAE04EC0-301F-11D3-BF4B-00C04F79EFBC}") = "Numeros_Consecutivos", "Numeros_Consecutivos\Numeros_Consecutivos.csproj", "{FC7CA91D-8E9B-424A-8C2C-18D25C3D4515}"
EndProject
Global
	GlobalSection(SolutionConfigurationPlatforms) = preSolution
		Debug|Any CPU = Debug|Any CPU
		Release|Any CPU = Release|Any CPU
	EndGlobalSection
	GlobalSection(ProjectConfigurationPlatforms) = postSolution
		{FC7CA91D-8E9B-424A-8C2C-18D25C3D4515}.Debug|Any CPU.ActiveCfg = Debug|Any CPU
		{FC7CA91D-8E9B-424A-8C2C-18D25C3D4515}.Debug|Any CPU.Build.0 = Debug|Any CPU
		{FC7CA91D-8E9B-424A-8C2C-18D25C3D4515}.Release|Any CPU.ActiveCfg = Release|Any CPU
		{FC7CA91D-8E9B-424A-8C2C-18D25C3D4515}.Release|Any CPU.Build.0 = Release|Any CPU
	EndGlobalSection
	GlobalSection(SolutionProperties) = preSolution
		HideSolutionNode = FALSE
	EndGlobalSection
	GlobalSection(ExtensibilityGlobals) = postSolution
		SolutionGuid = {F9A40807-5B52-409A-848A-4CB7D3746FA2}
	EndGlobalSection
EndGlobal
